
Microsoft Visual Studio Solution File, Format Version 12.00
# Visual Studio Version 17
VisualStudioVersion = 17.2.32630.192
MinimumVisualStudioVersion = 10.0.40219.1
Project("{9A19103F-16F7-4668-BE54-9A1E7A4F7556}") = "CapMonsterCloud.Client", "CapMonsterCloud.Client\CapMonsterCloud.Client.csproj", "{6796BDF4-893A-4E06-B042-85F71F3F5D08}"
EndProject
Project("{2150E333-8FDC-42A3-9474-1A3956D46DE8}") = "Solution Items", "Solution Items", "{3F31881F-8F44-4390-95F6-5079C37718A9}"
	ProjectSection(SolutionItems) = preProject
		logo.png = logo.png
		.github\workflows\main.yml = .github\workflows\main.yml
		README.md = README.md
	EndProjectSection
EndProject
Project("{9A19103F-16F7-4668-BE54-9A1E7A4F7556}") = "CapMonsterCloud.Client.Tests", "CapMonsterCloud.Client.Tests\CapMonsterCloud.Client.Tests.csproj", "{490E1BBC-51B6-4330-9D0A-85734DF113CE}"
EndProject
Project("{2150E333-8FDC-42A3-9474-1A3956D46DE8}") = "Tests", "Tests", "{7872C742-81F3-42F9-BE20-FA94EBE1FE7D}"
EndProject
Project("{FAE04EC0-301F-11D3-BF4B-00C04F79EFBC}") = "CapMonsterCloud.Client.IntegrationTests", "CapMonsterCloud.Client.IntegrationTests\CapMonsterCloud.Client.IntegrationTests.csproj", "{6EEFE158-0F40-458A-A0DA-48F619DC0F6C}"
EndProject
Global
	GlobalSection(SolutionConfigurationPlatforms) = preSolution
		Debug|Any CPU = Debug|Any CPU
		Release|Any CPU = Release|Any CPU
	EndGlobalSection
	GlobalSection(ProjectConfigurationPlatforms) = postSolution
		{6796BDF4-893A-4E06-B042-85F71F3F5D08}.Debug|Any CPU.ActiveCfg = Debug|Any CPU
		{6796BDF4-893A-4E06-B042-85F71F3F5D08}.Debug|Any CPU.Build.0 = Debug|Any CPU
		{6796BDF4-893A-4E06-B042-85F71F3F5D08}.Release|Any CPU.ActiveCfg = Release|Any CPU
		{6796BDF4-893A-4E06-B042-85F71F3F5D08}.Release|Any CPU.Build.0 = Release|Any CPU
		{490E1BBC-51B6-4330-9D0A-85734DF113CE}.Debug|Any CPU.ActiveCfg = Debug|Any CPU
		{490E1BBC-51B6-4330-9D0A-85734DF113CE}.Debug|Any CPU.Build.0 = Debug|Any CPU
		{490E1BBC-51B6-4330-9D0A-85734DF113CE}.Release|Any CPU.ActiveCfg = Release|Any CPU
		{490E1BBC-51B6-4330-9D0A-85734DF113CE}.Release|Any CPU.Build.0 = Release|Any CPU
		{6EEFE158-0F40-458A-A0DA-48F619DC0F6C}.Debug|Any CPU.ActiveCfg = Debug|Any CPU
		{6EEFE158-0F40-458A-A0DA-48F619DC0F6C}.Debug|Any CPU.Build.0 = Debug|Any CPU
		{6EEFE158-0F40-458A-A0DA-48F619DC0F6C}.Release|Any CPU.ActiveCfg = Release|Any CPU
		{6EEFE158-0F40-458A-A0DA-48F619DC0F6C}.Release|Any CPU.Build.0 = Release|Any CPU
	EndGlobalSection
	GlobalSection(SolutionProperties) = preSolution
		HideSolutionNode = FALSE
	EndGlobalSection
	GlobalSection(NestedProjects) = preSolution
		{490E1BBC-51B6-4330-9D0A-85734DF113CE} = {7872C742-81F3-42F9-BE20-FA94EBE1FE7D}
		{6EEFE158-0F40-458A-A0DA-48F619DC0F6C} = {7872C742-81F3-42F9-BE20-FA94EBE1FE7D}
	EndGlobalSection
	GlobalSection(ExtensibilityGlobals) = postSolution
		SolutionGuid = {7622D9AC-C4E1-45C3-A6AD-79E94AA182A8}
	EndGlobalSection
EndGlobal
